
Microsoft Visual Studio Solution File, Format Version 12.00
# Visual Studio 15
VisualStudioVersion = 15.0.28010.2019
MinimumVisualStudioVersion = 10.0.40219.1
Project("{FAE04EC0-301F-11D3-BF4B-00C04F79EFBC}") = "Projeto Teste", "Projeto Teste\Projeto Teste.csproj", "{768B43BD-13D3-4AE4-BB4D-B38B7E27A966}"
EndProject
Global
	GlobalSection(SolutionConfigurationPlatforms) = preSolution
		Debug|Any CPU = Debug|Any CPU
		Release|Any CPU = Release|Any CPU
	EndGlobalSection
	GlobalSection(ProjectConfigurationPlatforms) = postSolution
		{768B43BD-13D3-4AE4-BB4D-B38B7E27A966}.Debug|Any CPU.ActiveCfg = Debug|Any CPU
		{768B43BD-13D3-4AE4-BB4D-B38B7E27A966}.Debug|Any CPU.Build.0 = Debug|Any CPU
		{768B43BD-13D3-4AE4-BB4D-B38B7E27A966}.Release|Any CPU.ActiveCfg = Release|Any CPU
		{768B43BD-13D3-4AE4-BB4D-B38B7E27A966}.Release|Any CPU.Build.0 = Release|Any CPU
	EndGlobalSection
	GlobalSection(SolutionProperties) = preSolution
		HideSolutionNode = FALSE
	EndGlobalSection
	GlobalSection(ExtensibilityGlobals) = postSolution
		SolutionGuid = {A84455E2-6723-4A21-8F50-A9399431F14F}
	EndGlobalSection
EndGlobal
